PODS:
  - Alamofire (5.2.2)
  - Kingfisher (5.15.6):
    - Kingfisher/Core (= 5.15.6)
  - Kingfisher/Core (5.15.6)
  - SwiftyJSON (5.0.0)

DEPENDENCIES:
  - Alamofire
  - Kingfisher
  - SwiftyJSON

SPEC REPOS:
  trunk:
    - Alamofire
    - Kingfisher
    - SwiftyJSON

SPEC CHECKSUMS:
  Alamofire: 814429acc853c6c54ff123fc3d2ef66803823ce0
  Kingfisher: b3554e7bf6106115b44e8795300bad580ef2fdc7
  SwiftyJSON: 36413e04c44ee145039d332b4f4e2d3e8d6c4db7

PODFILE CHECKSUM: d6818054df44d7f5d8e9fe453ecaaabbcdca524d

COCOAPODS: 1.9.1
